
Microsoft Visual Studio Solution File, Format Version 12.00
# Visual Studio Version 17
VisualStudioVersion = 17.7.34003.232
MinimumVisualStudioVersion = 10.0.40219.1
Project("{FAE04EC0-301F-11D3-BF4B-00C04F79EFBC}") = "Bulky_crud", "Bulky_crud\Bulky_crud.csproj", "{6A9BF5E3-7A82-49C1-8806-7CD8F747D395}"
EndProject
Global
	GlobalSection(SolutionConfigurationPlatforms) = preSolution
		Debug|Any CPU = Debug|Any CPU
		Release|Any CPU = Release|Any CPU
	EndGlobalSection
	GlobalSection(ProjectConfigurationPlatforms) = postSolution
		{6A9BF5E3-7A82-49C1-8806-7CD8F747D395}.Debug|Any CPU.ActiveCfg = Debug|Any CPU
		{6A9BF5E3-7A82-49C1-8806-7CD8F747D395}.Debug|Any CPU.Build.0 = Debug|Any CPU
		{6A9BF5E3-7A82-49C1-8806-7CD8F747D395}.Release|Any CPU.ActiveCfg = Release|Any CPU
		{6A9BF5E3-7A82-49C1-8806-7CD8F747D395}.Release|Any CPU.Build.0 = Release|Any CPU
	EndGlobalSection
	GlobalSection(SolutionProperties) = preSolution
		HideSolutionNode = FALSE
	EndGlobalSection
	GlobalSection(ExtensibilityGlobals) = postSolution
		SolutionGuid = {F67D6EED-DD7D-4EE3-84C5-45640B1A5993}
	EndGlobalSection
EndGlobal
